
Microsoft Visual Studio Solution File, Format Version 12.00
# Visual Studio Version 16
VisualStudioVersion = 16.0.31911.196
MinimumVisualStudioVersion = 10.0.40219.1
Project("{8BC9CEB8-8B4A-11D0-8D11-00A0C91BC942}") = "wbn_03_17", "wbn_03_17.vcxproj", "{1515C463-35D0-4B86-9CFB-F4CB91A23F77}"
EndProject
Global
	GlobalSection(SolutionConfigurationPlatforms) = preSolution
		Debug|x64 = Debug|x64
		Debug|x86 = Debug|x86
		Release|x64 = Release|x64
		Release|x86 = Release|x86
	EndGlobalSection
	GlobalSection(ProjectConfigurationPlatforms) = postSolution
		{1515C463-35D0-4B86-9CFB-F4CB91A23F77}.Debug|x64.ActiveCfg = Debug|x64
		{1515C463-35D0-4B86-9CFB-F4CB91A23F77}.Debug|x64.Build.0 = Debug|x64
		{1515C463-35D0-4B86-9CFB-F4CB91A23F77}.Debug|x86.ActiveCfg = Debug|Win32
		{1515C463-35D0-4B86-9CFB-F4CB91A23F77}.Debug|x86.Build.0 = Debug|Win32
		{1515C463-35D0-4B86-9CFB-F4CB91A23F77}.Release|x64.ActiveCfg = Release|x64
		{1515C463-35D0-4B86-9CFB-F4CB91A23F77}.Release|x64.Build.0 = Release|x64
		{1515C463-35D0-4B86-9CFB-F4CB91A23F77}.Release|x86.ActiveCfg = Release|Win32
		{1515C463-35D0-4B86-9CFB-F4CB91A23F77}.Release|x86.Build.0 = Release|Win32
	EndGlobalSection
	GlobalSection(SolutionProperties) = preSolution
		HideSolutionNode = FALSE
	EndGlobalSection
	GlobalSection(ExtensibilityGlobals) = postSolution
		SolutionGuid = {C04A8C35-87FD-4051-9CCC-283B7BB40E31}
	EndGlobalSection
EndGlobal
